#MicroXplorer Configuration settings - do not modify
PF7.GPIOParameters=GPIO_Label
Bdma.ADC3.0.PeriphInc=DMA_PINC_DISABLE
VP_TIM5_VS_ClockSourceINT.Mode=Internal
PD12.GPIO_Label=QEI3A
Bdma.Request0=ADC3
SPI3.Direction=SPI_DIRECTION_2LINES
VP_TIM17_VS_ClockSourceINT.Mode=Enable_Timer
SPI3.VirtualType=VM_MASTER
PE11.GPIOParameters=GPIO_Label
VP_TIM5_VS_ClockSourceINT.Signal=TIM5_VS_ClockSourceINT
PH0-OSC_IN\ (PH0).PinAttribute=Free
PC12.Locked=true
TIM1.IPParameters=EncoderMode
PG8.Signal=GPIO_Output
PG8.Locked=true
PC12.Signal=SPI3_MOSI
PB14.GPIO_Label=LD3 [Red Led]
Dma.UART5_RX.0.SyncRequestNumber=1
PC3_C.Mode=IN1-Single-Ended
Dma.UART5_RX.0.FIFOMode=DMA_FIFOMODE_DISABLE
PD8.Locked=true
RCC.RTCFreq_Value=32000
Dma.UART5_RX.0.RequestNumber=1
PA6.GPIO_Label=PULSE3
PB6.GPIO_Label=PC_TX
PD4.Locked=true
RCC.CpuClockFreq_Value=200000000
PC5.Mode=RMII
SH.S_TIM1_CH1.ConfNb=1
PB3\ (JTDO/TRACESWO).GPIOParameters=GPIO_Label
Bdma.ADC3.0.Instance=BDMA_Channel0
PB13.Signal=ETH_TXD1
PD4.GPIO_ModeDefaultEXTI=GPIO_MODE_IT_FALLING
PD6.GPIO_Label=PROXIMITY3
PG13.Signal=ETH_TXD0
PA2.GPIOParameters=PinAttribute
PinOutPanel.RotationAngle=0
PF6.GPIO_Label=Gripper_RX
Dma.UART5_RX.0.SignalID=NONE
RCC.MCO1PinFreq_Value=64000000
RCC.SYSCLKSource=RCC_SYSCLKSOURCE_PLLCLK
RCC.AHB4Freq_Value=100000000
RCC.LPTIM1Freq_Value=50000000
SH.GPXTI7.ConfNb=1
NVIC.SVCall_IRQn=true\:0\:0\:false\:false\:true\:false\:false
SH.GPXTI3.ConfNb=1
SH.S_TIM16_CH1.ConfNb=1
PA4.Mode=NSS_Signal_Hard_Output
SH.S_TIM3_CH2.ConfNb=1
PF7.Signal=UART7_TX
NVIC.TIM5_IRQn=true\:0\:0\:false\:false\:true\:true\:true
Bdma.ADC3.0.SignalID=NONE
RCC.ADCCLockSelection=RCC_ADCCLKSOURCE_PLL3
SPI3.VirtualNSS=VM_NSSHARD
RCC.I2C4Freq_Value=100000000
Dma.UART5_TX.1.SyncRequestNumber=1
PD4.Signal=GPXTI4
PB6.Signal=UART5_TX
Dma.UART5_RX.0.Priority=DMA_PRIORITY_LOW
PB6.Mode=Asynchronous
RCC.DIVQ3Freq_Value=80000000
PD8.Signal=USART3_TX
TIM17.IPParameters=Channel,AutoReloadPreload,Prescaler,Period,Pulse,OCFastMode_PWM
Bdma.ADC3.0.PeriphDataAlignment=DMA_PDATAALIGN_WORD
PE1.Signal=GPIO_Output
PF10.GPIO_Label=DIR4
PB13.Locked=true
ProjectManager.ProjectBuild=false
PG13.Locked=true
NVIC.UsageFault_IRQn=true\:0\:0\:false\:false\:true\:false\:false
PA8.Locked=true
TIM17.Channel=TIM_CHANNEL_1
RCC.DIVM3=4
RCC.DIVM1=4
SH.GPXTI7.0=GPIO_EXTI7
TIM12.Period=62500
PB12.GPIO_Label=PC_RX
ProjectManager.FirmwarePackage=STM32Cube FW_H7 V1.9.0
MxDb.Version=DB.6.0.20
PB0.GPIOParameters=GPIO_Label
PA1.GPIOParameters=PinAttribute
ProjectManager.BackupPrevious=false
RCC.FMCFreq_Value=100000000
PE9.Signal=S_TIM1_CH1
ADC3.ContinuousConvMode=ENABLE
RCC.USART16Freq_Value=100000000
PF10.Locked=true
ADC3.IPParameters=Rank-0\#ChannelRegularConversion,Channel-0\#ChannelRegularConversion,SamplingTime-0\#ChannelRegularConversion,OffsetNumber-0\#ChannelRegularConversion,OffsetSignedSaturation-0\#ChannelRegularConversion,NbrOfConversionFlag,DiscontinuousConvMode,ContinuousConvMode,ClockPrescaler
SH.S_TIM4_CH2.0=TIM4_CH2,Encoder_Interface
PF8.Mode=IN7-Single-Ended
PA8.Signal=USB_OTG_FS_SOF
PE1.Locked=true
NVIC.PendSV_IRQn=true\:0\:0\:false\:false\:true\:false\:false
RCC.DIVR2Freq_Value=129000000
ProjectManager.HalAssertFull=false
RCC.DIVP2Freq_Value=129000000
TIM16.Pulse=31250
Bdma.ADC3.0.Priority=DMA_PRIORITY_LOW
RCC.MCO2PinFreq_Value=200000000
Mcu.Package=LQFP144
PB9.Signal=S_TIM17_CH1
PA5.Locked=true
Dma.UART5_RX.0.SyncSignalID=NONE
SPI3.Mode=SPI_MODE_MASTER
PD6.GPIO_ModeDefaultEXTI=GPIO_MODE_IT_FALLING
PD12.Signal=S_TIM4_CH1
PD5.GPIOParameters=GPIO_Label,GPIO_ModeDefaultEXTI
VP_SYS_VS_Systick.Signal=SYS_VS_Systick
PC3_C.GPIO_Label=Current_2
ADC3.Rank-0\#ChannelRegularConversion=1
PB9.GPIO_PuPd=GPIO_PULLDOWN
Dma.UART5_TX.1.EventEnable=DISABLE
RCC.DFSDMFreq_Value=100000000
PA5.GPIOParameters=GPIO_Label
PF7.Locked=true
PC11.Mode=Full_Duplex_Master
PB14.GPIOParameters=GPIO_Label
SH.S_TIM12_CH2.0=TIM12_CH2,PWM Generation2 CH2
PC14-OSC32_IN\ (OSC32_IN).Mode=LSE-External-Oscillator
RCC.TraceFreq_Value=64000000
SH.S_TIM4_CH1.0=TIM4_CH1,Encoder_Interface
RCC.APB4Freq_Value=100000000
RCC.CECFreq_Value=32000
RCC.SAI23Freq_Value=100000000
NVIC.BusFault_IRQn=true\:0\:0\:false\:false\:true\:false\:false
RCC.LPUART1Freq_Value=100000000
UART5.BaudRate=1000000
USB_OTG_FS.IPParameters=VirtualMode,dma_enable
PB10.GPIOParameters=GPIO_Label
PB13.Mode=RMII
TIM16.Prescaler=0
PD5.Locked=true
PH0-OSC_IN\ (PH0).Mode=HSE-External-Oscillator
ProjectManager.CustomerFirmwarePackage=
TIM17.OCFastMode_PWM=TIM_OCFAST_DISABLE
PF4.GPIOParameters=GPIO_Label
PC4.Mode=RMII
RCC.VCO3OutputFreq_Value=160000000
PA6.GPIOParameters=GPIO_Label
PD6.GPIOParameters=GPIO_Label,GPIO_ModeDefaultEXTI
SH.S_TIM4_CH1.ConfNb=1
Dma.UART5_TX.1.SyncPolarity=HAL_DMAMUX_SYNC_NO_EVENT
NVIC.EXTI4_IRQn=true\:0\:0\:false\:false\:true\:true\:true
Bdma.ADC3.0.Polarity=HAL_DMAMUX_REQ_GEN_RISING
ProjectManager.ProjectFileName=MODULE89.ioc
Dma.UART5_RX.0.Direction=DMA_PERIPH_TO_MEMORY
RCC.DIVQ1=4
TIM5.IPParameters=Period,Prescaler
PD9.GPIO_Label=STLINK_TX
Mcu.PinsNb=71
PA1.PinAttribute=Free
TIM17.Pulse=31250
PC13.Locked=true
PG5.Locked=true
PG5.Signal=GPIO_Output
PC13.Signal=GPIO_Input
RCC.SWPMI1Freq_Value=50000000
PD3.Signal=GPXTI3
Mcu.Pin70=VP_TIM17_VS_ClockSourceINT
Bdma.ADC3.0.RequestNumber=1
PB8.GPIO_PuPd=GPIO_PULLUP
PB11.GPIO_Label=OE_STEPPER
PD13.GPIOParameters=GPIO_PuPd,GPIO_Label
PD7.Signal=GPXTI7
SH.S_TIM16_CH1.0=TIM16_CH1,PWM Generation1 CH1
VP_TIM16_VS_ClockSourceINT.Mode=Enable_Timer
NVIC.TIM16_IRQn=true\:0\:0\:false\:false\:true\:true\:true
TIM4.IC2Filter=0
Mcu.Pin68=VP_TIM13_VS_ClockSourceINT
Mcu.Pin69=VP_TIM16_VS_ClockSourceINT
PB14.Locked=true
RCC.QSPIFreq_Value=100000000
Mcu.Pin62=PB8
Mcu.Pin63=PB9
VP_TIM17_VS_ClockSourceINT.Signal=TIM17_VS_ClockSourceINT
Mcu.Pin60=PB5
Mcu.Pin61=PB6
Mcu.Pin66=VP_TIM5_VS_ClockSourceINT
Mcu.Pin67=VP_TIM12_VS_ClockSourceINT
Bdma.ADC3.0.SyncEnable=DISABLE
Mcu.Pin64=PE1
Mcu.Pin65=VP_SYS_VS_Systick
ETH.IPParameters=MediaInterface
Bdma.ADC3.0.SyncSignalID=NONE
PD10.Signal=GPIO_Output
RCC.D1CPREFreq_Value=200000000
TIM16.OCFastMode_PWM=TIM_OCFAST_DISABLE
SH.GPXTI6.ConfNb=1
PB8.GPIO_Label=PULSE1
RCC.USART234578Freq_Value=50000000
PA11.Locked=true
RCC.Tim1OutputFreq_Value=100000000
Mcu.Pin59=PB4 (NJTRST)
SH.GPXTI2.ConfNb=1
Mcu.Pin57=PG13
RCC.SPI123Freq_Value=100000000
PC15-OSC32_OUT\ (OSC32_OUT).Locked=true
Mcu.Pin58=PB3 (JTDO/TRACESWO)
PA2.PinAttribute=Free
TIM13.Channel=TIM_CHANNEL_1
Bdma.ADC3.0.Direction=DMA_PERIPH_TO_MEMORY
TIM4.IPParameters=Prescaler,EncoderMode,IC2Filter,IC1Filter,IC1Prescaler,IC2Prescaler
Mcu.Pin51=PD3
Dma.UART5_TX.1.FIFOMode=DMA_FIFOMODE_DISABLE
Mcu.Pin52=PD4
PC3_C.GPIOParameters=GPIO_Label,PinAttribute
Mcu.Pin50=PC12
Mcu.Pin55=PD7
Mcu.Pin56=PG11
Mcu.Pin53=PD5
PE8.GPIO_Label=DIR3
Mcu.Pin54=PD6
PA9.Signal=USB_OTG_FS_VBUS
RCC.DIVN3=10
SH.S_TIM2_CH2.ConfNb=1
RCC.DIVN1=25
PB11.GPIOParameters=GPIO_Label
PB5.Locked=true
PC2_C.Mode=IN0-Single-Ended
TIM4.IC2Prescaler=TIM_ICPSC_DIV1
Dma.UART5_RX.0.SyncPolarity=HAL_DMAMUX_SYNC_NO_EVENT
PD7.Locked=true
PE9.GPIO_Label=QEI1A
Mcu.Pin48=PC10
Dma.UART5_TX.1.MemDataAlignment=DMA_MDATAALIGN_BYTE
Mcu.Pin49=PC11
Mcu.Pin46=PA11
Mcu.Pin47=PA12
PB10.Signal=GPIO_Output
TIM13.IPParameters=Channel,Prescaler,AutoReloadPreload,Period,Pulse,OCFastMode_PWM
TIM12.Prescaler=0
PB14.Signal=GPIO_Output
RCC.USBCLockSelection=RCC_USBCLKSOURCE_HSI48
PA5.Signal=S_TIM2_CH1
Mcu.Pin40=PG5
Dma.UART5_TX.1.Instance=DMA1_Stream0
Mcu.Pin41=PG6
Dma.UART5_RX.0.Mode=DMA_CIRCULAR
Mcu.Pin44=PA8
PC12.Mode=Full_Duplex_Master
Mcu.Pin45=PA9
Mcu.Pin42=PG7
Mcu.Pin43=PG8
TIM13.Period=62500
PE1.GPIO_Label=LD2 [Yellow Led]
ProjectManager.LastFirmware=true
VP_TIM13_VS_ClockSourceINT.Mode=Enable_Timer
RCC.AHB12Freq_Value=100000000
PA1.Mode=RMII
Mcu.Pin37=PD12
Mcu.Pin38=PD13
PB15.GPIO_Label=PULSE4
Mcu.Pin35=PD9
TIM13.Prescaler=0
PE8.Signal=GPIO_Output
Mcu.Pin36=PD10
Bdma.ADC3.0.MemDataAlignment=DMA_MDATAALIGN_WORD
Mcu.Pin39=PG2
VP_TIM12_VS_ClockSourceINT.Signal=TIM12_VS_ClockSourceINT
RCC.RNGFreq_Value=48000000
PF4.GPIO_Label=DIR2
Mcu.Pin30=PB12
Mcu.Pin33=PB15
TIM3.IPParameters=EncoderMode
Mcu.Pin34=PD8
Mcu.Pin31=PB13
Mcu.Pin32=PB14
PA9.Locked=true
VP_TIM16_VS_ClockSourceINT.Signal=TIM16_VS_ClockSourceINT
Dma.UART5_TX.1.Mode=DMA_CIRCULAR
NVIC.NonMaskableInt_IRQn=true\:0\:0\:false\:false\:true\:false\:false
ProjectManager.FreePins=false
RCC.LPTIM2Freq_Value=100000000
Mcu.Pin26=PE9
Bdma.ADC3.0.RequestParameters=Instance,Direction,PeriphInc,MemInc,PeriphDataAlignment,MemDataAlignment,Mode,Priority,SignalID,Polarity,RequestNumber,SyncSignalID,SyncPolarity,SyncEnable,EventEnable,SyncRequestNumber
Mcu.Pin27=PE11
Dma.UART5_TX.1.SyncSignalID=NONE
Mcu.Pin24=PG1
ProjectManager.UnderRoot=true
Mcu.Pin25=PE8
Mcu.Pin28=PB10
Mcu.Pin29=PB11
PA4.Signal=SPI3_NSS
Mcu.Pin22=PC5
PB5.Signal=S_TIM3_CH2
ETH.MediaInterface=HAL_ETH_RMII_MODE
Mcu.Pin23=PB0
Mcu.Pin20=PA7
Mcu.Pin21=PC4
PD10.Locked=true
Bdma.ADC3.0.MemInc=DMA_MINC_ENABLE
PA5.GPIO_Label=QEI4A
NVIC.ForceEnableDMAVector=true
PC3_C.PinAttribute=Free
NVIC.MemoryManagement_IRQn=true\:0\:0\:false\:false\:true\:false\:false
ProjectManager.CompilerOptimize=6
Dma.UART5_RX.0.Instance=DMA1_Stream1
PG11.Mode=RMII
PA11.Signal=USB_OTG_FS_DM
ProjectManager.HeapSize=0x200
Mcu.Pin15=PA1
NVIC.HardFault_IRQn=true\:0\:0\:false\:false\:true\:false\:false
Mcu.Pin16=PA2
Mcu.Pin13=PC2_C
UART7.IPParameters=BaudRate
Mcu.Pin14=PC3_C
Mcu.Pin19=PA6
PF10.GPIOParameters=GPIO_Label,PinAttribute
PF6.Mode=Asynchronous
SH.S_TIM3_CH1.ConfNb=1
RCC.LPTIM345Freq_Value=100000000
UART7.BaudRate=1000000
ProjectManager.ComputerToolchain=false
PF9.Signal=GPIO_Output
Mcu.Pin17=PA4
Mcu.Pin18=PA5
NVIC.TIM8_UP_TIM13_IRQn=true\:0\:0\:false\:false\:true\:true\:true
RCC.LTDCFreq_Value=40000000
SH.S_TIM17_CH1.0=TIM17_CH1,PWM Generation1 CH1
NVIC.PriorityGroup=NVIC_PRIORITYGROUP_4
Mcu.Pin11=PH1-OSC_OUT (PH1)
Mcu.Pin12=PC1
Mcu.Pin10=PH0-OSC_IN (PH0)
PD5.GPIO_ModeDefaultEXTI=GPIO_MODE_IT_FALLING
Dma.UART5_RX.0.PeriphInc=DMA_PINC_DISABLE
PA8.Mode=Activate_SOF_FS
PF4.Signal=GPIO_Output
PB4\ (NJTRST).GPIO_Label=QEI2A
RCC.HCLK3ClockFreq_Value=100000000
PC1.PinAttribute=Free
RCC.DIVR3=4
PB0.Signal=GPIO_Output
TIM12.IPParameters=Channel-PWM Generation2 CH2,AutoReloadPreload,ClockDivision,Prescaler,Period,Pulse-PWM Generation2 CH2,OCFastMode_PWM-PWM Generation2 CH2
PC1.Signal=ETH_MDC
PB12.GPIOParameters=GPIO_Label
PD7.GPIOParameters=GPIO_Label,GPIO_ModeDefaultEXTI
PC1.Mode=RMII
Mcu.Family=STM32H7
RCC.DIVQ2Freq_Value=129000000
ProjectManager.MainLocation=Core/Src
SH.S_TIM4_CH2.ConfNb=1
RCC.SAI1Freq_Value=100000000
TIM17.Prescaler=0
RCC.CortexFreq_Value=200000000
PG6.Signal=GPIO_Output
ProjectManager.KeepUserCode=true
Mcu.UserName=STM32H743ZITx
PD9.GPIOParameters=GPIO_Label
RCC.HPRE=RCC_HCLK_DIV2
PG2.Signal=GPXTI2
PH0-OSC_IN\ (PH0).Signal=RCC_OSC_IN
PH0-OSC_IN\ (PH0).Locked=true
PE11.GPIO_Label=QEI1B
TIM12.Channel-PWM\ Generation2\ CH2=TIM_CHANNEL_2
PG6.Locked=true
PC10.Signal=SPI3_SCK
PG2.Locked=true
PC15-OSC32_OUT\ (OSC32_OUT).Mode=LSE-External-Oscillator
TIM4.EncoderMode=TIM_ENCODERMODE_TI12
PC5.Locked=true
SH.S_TIM17_CH1.ConfNb=1
TIM3.EncoderMode=TIM_ENCODERMODE_TI12
ProjectManager.functionlistsort=1-MX_GPIO_Init-GPIO-false-HAL-true,2-MX_BDMA_Init-BDMA-false-HAL-true,3-MX_DMA_Init-DMA-false-HAL-true,4-SystemClock_Config-RCC-false-HAL-false,5-MX_ETH_Init-ETH-false-HAL-true,6-MX_USB_OTG_FS_PCD_Init-USB_OTG_FS-false-HAL-true,7-MX_TIM2_Init-TIM2-false-HAL-true,8-MX_TIM3_Init-TIM3-false-HAL-true,9-MX_TIM4_Init-TIM4-false-HAL-true,10-MX_TIM1_Init-TIM1-false-HAL-true,11-MX_SPI3_Init-SPI3-false-HAL-true,12-MX_ADC3_Init-ADC3-false-HAL-true,13-MX_TIM5_Init-TIM5-false-HAL-true,14-MX_UART7_Init-UART7-false-HAL-true,15-MX_TIM12_Init-TIM12-false-HAL-true,16-MX_TIM13_Init-TIM13-false-HAL-true,17-MX_TIM16_Init-TIM16-false-HAL-true,18-MX_TIM17_Init-TIM17-false-HAL-true,19-MX_UART5_Init-UART5-false-HAL-true,0-MX_CORTEX_M7_Init-CORTEX_M7-false-HAL-true
Dma.UART5_TX.1.Polarity=HAL_DMAMUX_REQ_GEN_RISING
TIM1.EncoderMode=TIM_ENCODERMODE_TI12
PA11.Mode=Device_Only
PD6.Locked=true
PB0.GPIO_Label=LD1 [Green Led]
RCC.VCO2OutputFreq_Value=258000000
PC13.GPIO_Label=B1 [Blue PushButton]
PC1.Locked=true
PB11.Signal=GPIO_Output
PB15.Signal=S_TIM12_CH2
ADC3.Channel-0\#ChannelRegularConversion=ADC_CHANNEL_1
Bdma.ADC3.0.SyncPolarity=HAL_DMAMUX_SYNC_NO_EVENT
TIM13.AutoReloadPreload=TIM_AUTORELOAD_PRELOAD_ENABLE
SH.S_TIM13_CH1.0=TIM13_CH1,PWM Generation1 CH1
PG11.Signal=ETH_TX_EN
ProjectManager.StackSize=0x400
PB5.GPIOParameters=GPIO_Label
NVIC.UART5_IRQn=true\:0\:0\:false\:false\:true\:true\:true
SH.GPXTI2.0=GPIO_EXTI2
RCC.VCOInput3Freq_Value=16000000
PD13.Signal=S_TIM4_CH2
Mcu.IP4=ETH
Mcu.IP5=NVIC
PD13.Locked=true
Mcu.IP2=CORTEX_M7
TIM12.AutoReloadPreload=TIM_AUTORELOAD_PRELOAD_ENABLE
Mcu.IP3=DMA
NVIC.BDMA_Channel0_IRQn=true\:0\:0\:false\:false\:true\:false\:true
TIM17.AutoReloadPreload=TIM_AUTORELOAD_PRELOAD_ENABLE
Mcu.IP0=ADC3
PA12.Locked=true
Mcu.IP1=BDMA
PA12.Signal=USB_OTG_FS_DP
Mcu.UserConstants=
PF9.Locked=true
PC1.GPIOParameters=PinAttribute
RCC.DIVP3Freq_Value=80000000
RCC.SDMMCFreq_Value=100000000
PF5.Locked=true
Mcu.ThirdPartyNb=0
NVIC.TIM17_IRQn=true\:0\:0\:false\:false\:true\:true\:true
RCC.HCLKFreq_Value=100000000
Mcu.IPNb=21
ProjectManager.PreviousToolchain=
RCC.SPDIFRXFreq_Value=100000000
PD8.GPIOParameters=GPIO_Label
Mcu.Pin6=PF7
Mcu.Pin7=PF8
Mcu.Pin8=PF9
Dma.UART5_TX.1.Direction=DMA_MEMORY_TO_PERIPH
Mcu.Pin9=PF10
PC2_C.Signal=ADC3_INP0
Mcu.Pin0=PC13
Mcu.Pin1=PC14-OSC32_IN (OSC32_IN)
GPIO.groupedBy=Group By Peripherals
Mcu.Pin2=PC15-OSC32_OUT (OSC32_OUT)
RCC.HRTIMFreq_Value=100000000
Mcu.Pin3=PF4
Mcu.Pin4=PF5
PD10.GPIOParameters=GPIO_Label
Mcu.Pin5=PF6
PH1-OSC_OUT\ (PH1).Mode=HSE-External-Oscillator
RCC.DIVR3Freq_Value=40000000
RCC.HSE_VALUE=48000000
NVIC.DebugMonitor_IRQn=true\:0\:0\:false\:false\:true\:false\:false
Mcu.IP10=TIM2
TIM13.Pulse=31250
NVIC.SysTick_IRQn=true\:0\:0\:false\:false\:true\:false\:true
Mcu.IP12=TIM4
Mcu.IP11=TIM3
TIM17.Period=62500
Mcu.IP18=UART5
SH.S_TIM12_CH2.ConfNb=1
Mcu.IP17=TIM17
Mcu.IP19=UART7
RCC.DIVP1Freq_Value=200000000
Mcu.IP14=TIM12
Mcu.IP13=TIM5
RCC.PLL1_VCI_Range-AdvancedSettings=RCC_PLL1VCIRANGE_0
TIM12.Pulse-PWM\ Generation2\ CH2=31250
Mcu.IP16=TIM16
Mcu.IP15=TIM13
PF7.GPIO_Label=Gripper_TX
PE8.Locked=true
Dma.UART5_RX.0.MemDataAlignment=DMA_MDATAALIGN_BYTE
File.Version=6
SH.S_TIM2_CH1.ConfNb=1
Mcu.IP20=USB_OTG_FS
USB_OTG_FS.dma_enable=DISABLE
PG13.Mode=RMII
VP_TIM12_VS_ClockSourceINT.Mode=Internal
SH.S_TIM3_CH1.0=TIM3_CH1,Encoder_Interface
Dma.RequestsNb=2
PB6.GPIOParameters=GPIO_Label
PB0.Locked=true
ProjectManager.ProjectName=MODULE89
PD7.GPIO_Label=PROXIMITY4
RCC.APB3Freq_Value=100000000
Dma.UART5_RX.0.Polarity=HAL_DMAMUX_REQ_GEN_RISING
TIM13.OCFastMode_PWM=TIM_OCFAST_DISABLE
PB4\ (NJTRST).Locked=true
PD13.GPIO_Label=QEI3B
PA6.Signal=S_TIM13_CH1
PB12.Mode=Asynchronous
PA7.Locked=true
PB15.GPIO_PuPd=GPIO_PULLDOWN
PG11.Locked=true
Dma.UART5_RX.0.SyncEnable=DISABLE
PD5.GPIO_Label=PROXIMITY2
ProjectManager.ToolChainLocation=
SH.GPXTI5.ConfNb=1
PF5.GPIO_Label=DIR1
USB_OTG_FS.VirtualMode=Device_Only
PF8.Signal=ADC3_INP7
VP_TIM13_VS_ClockSourceINT.Signal=TIM13_VS_ClockSourceINT
UART5.IPParameters=BaudRate
Bdma.ADC3.0.SyncRequestNumber=1
RCC.DIVR1Freq_Value=200000000
ADC3.OffsetNumber-0\#ChannelRegularConversion=ADC_OFFSET_NONE
TIM4.IC1Filter=0
ADC3.ClockPrescaler=ADC_CLOCK_ASYNC_DIV4
PF5.Signal=GPIO_Output
PF4.Locked=true
PB9.GPIO_Speed=GPIO_SPEED_FREQ_LOW
PB5.GPIO_Label=QEI2B
TIM16.AutoReloadPreload=TIM_AUTORELOAD_PRELOAD_ENABLE
Dma.Request1=UART5_TX
PC4.Locked=true
NVIC.DMA1_Stream0_IRQn=true\:0\:0\:false\:false\:true\:false\:true
SPI3.IPParameters=VirtualType,Mode,Direction,CalculateBaudRate,VirtualNSS,BaudRatePrescaler
PC5.Signal=ETH_RXD1
ADC3.OffsetSignedSaturation-0\#ChannelRegularConversion=DISABLE
PD6.Signal=GPXTI6
Dma.Request0=UART5_RX
RCC.Tim2OutputFreq_Value=100000000
Dma.UART5_TX.1.RequestParameters=Instance,Direction,PeriphInc,MemInc,PeriphDataAlignment,MemDataAlignment,Mode,Priority,FIFOMode,SignalID,Polarity,RequestNumber,SyncSignalID,SyncPolarity,SyncEnable,EventEnable,SyncRequestNumber
RCC.DFSDMACLkFreq_Value=100000000
PH1-OSC_OUT\ (PH1).PinAttribute=Free
PA2.Locked=true
Dma.UART5_TX.1.PeriphInc=DMA_PINC_DISABLE
PB3\ (JTDO/TRACESWO).GPIO_Label=QEI4B
Dma.UART5_RX.0.MemInc=DMA_MINC_ENABLE
SH.GPXTI5.0=GPIO_EXTI5
ADC3.DiscontinuousConvMode=DISABLE
PE8.GPIOParameters=GPIO_Label
SH.S_TIM2_CH1.0=TIM2_CH1,Encoder_Interface
PG7.Locked=true
PB8.GPIOParameters=GPIO_Speed,GPIO_PuPd,GPIO_Label,GPIO_FM8
PA7.Mode=RMII
PG7.Signal=GPIO_Output
PB9.GPIO_Label=PULSE2
ProjectManager.NoMain=false
PB8.GPIO_FM8=__NULL
PG1.Signal=GPIO_Output
TIM12.ClockDivision=TIM_CLOCKDIVISION_DIV1
PG1.Locked=true
PC11.Signal=SPI3_MISO
RCC.SAI4BFreq_Value=100000000
PC4.Signal=ETH_RXD0
PC10.Mode=Full_Duplex_Master
Dma.UART5_RX.0.EventEnable=DISABLE
RCC.D2PPRE1=RCC_APB1_DIV2
ProjectManager.DefaultFWLocation=true
PD5.Signal=GPXTI5
PD9.Signal=USART3_RX
NVIC.DMA1_Stream1_IRQn=true\:0\:0\:false\:false\:true\:false\:true
PB12.Locked=true
ProjectManager.DeletePrevious=true
PB10.Locked=true
boardIOC=true
TIM16.Channel=TIM_CHANNEL_1
RCC.FamilyName=M
PH1-OSC_OUT\ (PH1).Signal=RCC_OSC_OUT
Dma.UART5_RX.0.RequestParameters=Instance,Direction,PeriphInc,MemInc,PeriphDataAlignment,MemDataAlignment,Mode,Priority,FIFOMode,SignalID,Polarity,RequestNumber,SyncSignalID,SyncPolarity,SyncEnable,EventEnable,SyncRequestNumber
PE9.GPIOParameters=GPIO_Label
PD8.GPIO_Label=STLINK_RX
PB9.GPIOParameters=GPIO_Speed,GPIO_PuPd,GPIO_Label
PC14-OSC32_IN\ (OSC32_IN).Locked=true
PD12.Locked=true
RCC.SPI6Freq_Value=100000000
SH.GPXTI6.0=GPIO_EXTI6
PF7.Mode=Asynchronous
SH.S_TIM2_CH2.0=TIM2_CH2,Encoder_Interface
PA9.Mode=Activate_VBUS
PB4\ (NJTRST).GPIOParameters=GPIO_Label
ADC3.SamplingTime-0\#ChannelRegularConversion=ADC_SAMPLETIME_1CYCLE_5
Dma.UART5_TX.1.PeriphDataAlignment=DMA_PDATAALIGN_BYTE
RCC.SPI45Freq_Value=100000000
PH1-OSC_OUT\ (PH1).GPIOParameters=PinAttribute
PF10.PinAttribute=Free
SH.S_TIM1_CH1.0=TIM1_CH1,Encoder_Interface
PF6.Signal=UART7_RX
PD12.GPIOParameters=GPIO_PuPd,GPIO_Label
PB3\ (JTDO/TRACESWO).Signal=S_TIM2_CH2
ProjectManager.TargetToolchain=STM32CubeIDE
PC15-OSC32_OUT\ (OSC32_OUT).Signal=RCC_OSC32_OUT
PB10.GPIO_Label=OE_ENCODER
RCC.VCO1OutputFreq_Value=400000000
SH.S_TIM13_CH1.ConfNb=1
PF6.Locked=true
Bdma.ADC3.0.EventEnable=DISABLE
NVIC.TIM8_BRK_TIM12_IRQn=true\:0\:0\:false\:false\:true\:true\:true
Bdma.RequestsNb=1
RCC.AXIClockFreq_Value=100000000
ProjectManager.RegisterCallBack=
RCC.USBFreq_Value=48000000
PF5.GPIOParameters=GPIO_Label
TIM12.OCFastMode_PWM-PWM\ Generation2\ CH2=TIM_OCFAST_DISABLE
PD10.GPIO_Label=USB_OTG_FS_PWR_EN
TIM4.Prescaler=0
PE11.Signal=S_TIM1_CH2
PD3.Locked=true
PA1.Signal=ETH_REF_CLK
RCC.CKPERFreq_Value=64000000
SH.S_TIM1_CH2.ConfNb=1
SH.S_TIM3_CH2.0=TIM3_CH2,Encoder_Interface
Bdma.ADC3.0.Mode=DMA_CIRCULAR
PH1-OSC_OUT\ (PH1).Locked=true
board=NUCLEO-H743ZI2
SH.GPXTI3.0=GPIO_EXTI3
RCC.VCOInput1Freq_Value=16000000
TIM16.Period=62500
RCC.APB2Freq_Value=100000000
SPI3.CalculateBaudRate=50.0 MBits/s
MxCube.Version=6.2.0
SH.S_TIM1_CH2.0=TIM1_CH2,Encoder_Interface
PC13.GPIOParameters=GPIO_Label
PD4.GPIO_Label=PROXIMITY1
RCC.FDCANFreq_Value=100000000
Dma.UART5_TX.1.RequestNumber=1
PF10.Signal=GPIO_Output
PB15.GPIO_Speed=GPIO_SPEED_FREQ_LOW
RCC.ADCFreq_Value=40000000
SPI3.BaudRatePrescaler=SPI_BAUDRATEPRESCALER_2
PD4.GPIOParameters=GPIO_Label,GPIO_ModeDefaultEXTI
VP_SYS_VS_Systick.Mode=SysTick
PD13.GPIO_PuPd=GPIO_NOPULL
PB15.GPIOParameters=GPIO_Speed,GPIO_PuPd,GPIO_Label
Dma.UART5_RX.0.PeriphDataAlignment=DMA_PDATAALIGN_BYTE
RCC.IPParameters=ADCCLockSelection,ADCFreq_Value,AHB12Freq_Value,AHB4Freq_Value,APB1Freq_Value,APB2Freq_Value,APB3Freq_Value,APB4Freq_Value,AXIClockFreq_Value,CECFreq_Value,CKPERFreq_Value,CortexFreq_Value,CpuClockFreq_Value,D1CPREFreq_Value,D2PPRE1,DFSDMACLkFreq_Value,DFSDMFreq_Value,DIVM1,DIVM3,DIVN1,DIVN3,DIVP1Freq_Value,DIVP2Freq_Value,DIVP3Freq_Value,DIVQ1,DIVQ1Freq_Value,DIVQ2Freq_Value,DIVQ3Freq_Value,DIVR1Freq_Value,DIVR2Freq_Value,DIVR3,DIVR3Freq_Value,FDCANFreq_Value,FMCFreq_Value,FamilyName,HCLK3ClockFreq_Value,HCLKFreq_Value,HPRE,HRTIMFreq_Value,HSE_VALUE,I2C123Freq_Value,I2C4Freq_Value,LPTIM1Freq_Value,LPTIM2Freq_Value,LPTIM345Freq_Value,LPUART1Freq_Value,LTDCFreq_Value,MCO1PinFreq_Value,MCO2PinFreq_Value,PLL1_VCI_Range-AdvancedSettings,QSPIFreq_Value,RNGFreq_Value,RTCFreq_Value,SAI1Freq_Value,SAI23Freq_Value,SAI4AFreq_Value,SAI4BFreq_Value,SDMMCFreq_Value,SPDIFRXFreq_Value,SPI123Freq_Value,SPI45Freq_Value,SPI6Freq_Value,SWPMI1Freq_Value,SYSCLKFreq_VALUE,SYSCLKSource,Tim1OutputFreq_Value,Tim2OutputFreq_Value,TraceFreq_Value,USART16Freq_Value,USART234578Freq_Value,USBCLockSelection,USBFreq_Value,VCO1OutputFreq_Value,VCO2OutputFreq_Value,VCO3OutputFreq_Value,VCOInput1Freq_Value,VCOInput2Freq_Value,VCOInput3Freq_Value
PD7.GPIO_ModeDefaultEXTI=GPIO_MODE_IT_FALLING
ProjectManager.AskForMigrate=true
Mcu.Name=STM32H743ZITx
PA2.Signal=ETH_MDIO
Mcu.IP8=SYS
Mcu.IP9=TIM1
Mcu.IP6=RCC
Mcu.IP7=SPI3
ProjectManager.CoupleFile=false
RCC.SYSCLKFreq_VALUE=200000000
RCC.I2C123Freq_Value=50000000
PA1.Locked=true
SH.GPXTI4.0=GPIO_EXTI4
PA12.Mode=Device_Only
KeepUserPlacement=false
TIM5.Prescaler=0
PC14-OSC32_IN\ (OSC32_IN).Signal=RCC_OSC32_IN
Dma.UART5_TX.1.SignalID=NONE
Dma.UART5_TX.1.SyncEnable=DISABLE
Dma.UART5_TX.1.MemInc=DMA_MINC_ENABLE
NVIC.EXTI9_5_IRQn=true\:0\:0\:false\:false\:true\:true\:true
PF6.GPIOParameters=GPIO_Label
SH.GPXTI4.ConfNb=1
RCC.SAI4AFreq_Value=100000000
PC3_C.Signal=ADC3_INP1
RCC.DIVQ1Freq_Value=100000000
PA2.Mode=RMII
PB8.Signal=S_TIM16_CH1
TIM5.Period=50000
TIM16.IPParameters=Channel,AutoReloadPreload,Prescaler,Period,Pulse,OCFastMode_PWM
RCC.VCOInput2Freq_Value=2000000
PD9.Locked=true
RCC.APB1Freq_Value=50000000
PB8.GPIO_Speed=GPIO_SPEED_FREQ_LOW
ADC3.NbrOfConversionFlag=1
PB11.Locked=true
Dma.UART5_TX.1.Priority=DMA_PRIORITY_LOW
ProjectManager.DeviceId=STM32H743ZITx
PB12.Signal=UART5_RX
ProjectManager.LibraryCopy=1
PD12.GPIO_PuPd=GPIO_NOPULL
PE1.GPIOParameters=GPIO_Label
PH0-OSC_IN\ (PH0).GPIOParameters=PinAttribute
PA7.Signal=ETH_CRS_DV
NVIC.UART7_IRQn=true\:0\:0\:false\:false\:true\:true\:true
PB4\ (NJTRST).Signal=S_TIM3_CH1
TIM4.IC1Prescaler=TIM_ICPSC_DIV1
isbadioc=false
